
Microsoft Visual Studio Solution File, Format Version 12.00
# Visual Studio 15
Project("{FAE04EC0-301F-11D3-BF4B-00C04F79EFBC}") = "Assembly-CSharp", "Assembly-CSharp.csproj", "{D99D414D-BF1D-742F-F4D3-3FE81EF37702}"
EndProject
Project("{FAE04EC0-301F-11D3-BF4B-00C04F79EFBC}") = "Assembly-CSharp-Editor", "Assembly-CSharp-Editor.csproj", "{81EEA2FE-F4B1-EEB3-1DED-D77DB4F59C24}"
EndProject
Global
	GlobalSection(SolutionConfigurationPlatforms) = preSolution
		Debug|Any CPU = Debug|Any CPU
		Release|Any CPU = Release|Any CPU
	EndGlobalSection
	GlobalSection(ProjectConfigurationPlatforms) = postSolution
		{D99D414D-BF1D-742F-F4D3-3FE81EF37702}.Debug|Any CPU.ActiveCfg = Debug|Any CPU
		{D99D414D-BF1D-742F-F4D3-3FE81EF37702}.Debug|Any CPU.Build.0 = Debug|Any CPU
		{D99D414D-BF1D-742F-F4D3-3FE81EF37702}.Release|Any CPU.ActiveCfg = Release|Any CPU
		{D99D414D-BF1D-742F-F4D3-3FE81EF37702}.Release|Any CPU.Build.0 = Release|Any CPU
		{81EEA2FE-F4B1-EEB3-1DED-D77DB4F59C24}.Debug|Any CPU.ActiveCfg = Debug|Any CPU
		{81EEA2FE-F4B1-EEB3-1DED-D77DB4F59C24}.Debug|Any CPU.Build.0 = Debug|Any CPU
		{81EEA2FE-F4B1-EEB3-1DED-D77DB4F59C24}.Release|Any CPU.ActiveCfg = Release|Any CPU
		{81EEA2FE-F4B1-EEB3-1DED-D77DB4F59C24}.Release|Any CPU.Build.0 = Release|Any CPU
	EndGlobalSection
	GlobalSection(SolutionProperties) = preSolution
		HideSolutionNode = FALSE
	EndGlobalSection
EndGlobal
